
Microsoft Visual Studio Solution File, Format Version 12.00
# Visual Studio Version 18
VisualStudioVersion = 18.3.11527.330
MinimumVisualStudioVersion = 10.0.40219.1
Project("{9A19103F-16F7-4668-BE54-9A1E7A4F7556}") = "Genrpg.GameServer", "Genrpg.GameServer\Genrpg.GameServer.csproj", "{5F246B70-E2A7-40FC-8A03-C930F851D1E5}"
EndProject
Project("{FAE04EC0-301F-11D3-BF4B-00C04F79EFBC}") = "OxDb.PlatformServer", "OxDb.PlatformServer\OxDb.PlatformServer.csproj", "{0B5F5AF4-C5F9-4FDE-AD36-042E264F403F}"
EndProject
Project("{FAE04EC0-301F-11D3-BF4B-00C04F79EFBC}") = "OxDb.ServerGame", "OxDb.ServerGame\OxDb.ServerGame.csproj", "{5D0EC759-FF86-46B6-8EA8-9766F8AD65DE}"
EndProject
Project("{FAE04EC0-301F-11D3-BF4B-00C04F79EFBC}") = "OxDb.ServerCore", "OxDb.ServerCore\OxDb.ServerCore.csproj", "{E426BC01-0436-4DAB-AC03-38D35EABD730}"
EndProject
Project("{FAE04EC0-301F-11D3-BF4B-00C04F79EFBC}") = "OxDb.RequestServer", "OxDb.RequestServer\OxDb.RequestServer.csproj", "{A308BC37-FF42-4902-AA70-EB61CE56E995}"
EndProject
Project("{FAE04EC0-301F-11D3-BF4B-00C04F79EFBC}") = "OxDb.InstanceServer", "Genrpg.Servers\OxDb.InstanceServer\OxDb.InstanceServer.csproj", "{4BF58B43-13C1-61D2-40B5-59A94B0103F4}"
EndProject
Project("{FAE04EC0-301F-11D3-BF4B-00C04F79EFBC}") = "OxDb.MapServer", "Genrpg.Servers\OxDb.MapServer\OxDb.MapServer.csproj", "{1DD0EC49-EB9E-4977-5133-0C56253A91F9}"
EndProject
Project("{FAE04EC0-301F-11D3-BF4B-00C04F79EFBC}") = "OxDb.MonsterServer", "Genrpg.Servers\OxDb.MonsterServer\OxDb.MonsterServer.csproj", "{531393F3-CDA0-1010-305E-96483E73AAC4}"
EndProject
Project("{FAE04EC0-301F-11D3-BF4B-00C04F79EFBC}") = "OxDb.PlayerServer", "Genrpg.Servers\OxDb.PlayerServer\OxDb.PlayerServer.csproj", "{650D6343-7CF3-2A77-B8B7-9CA7168829F2}"
EndProject
Project("{FAE04EC0-301F-11D3-BF4B-00C04F79EFBC}") = "OxDb.SharedGame", "OxDb.SharedGame\OxDb.SharedGame.csproj", "{F744BE9A-7B63-4F9D-BE12-D95EC31EA172}"
EndProject
Project("{FAE04EC0-301F-11D3-BF4B-00C04F79EFBC}") = "OxDb.SharedPlatform", "OxDb.SharedPlatform\OxDb.SharedPlatform.csproj", "{881A0BAF-2511-4E33-A952-7BD584A94CD3}"
EndProject
Project("{FAE04EC0-301F-11D3-BF4B-00C04F79EFBC}") = "OxDb.SharedCore", "OxDb.SharedCore\OxDb.SharedCore.csproj", "{CCE092B1-D236-44E5-966A-2CB494A6492C}"
EndProject
Project("{FAE04EC0-301F-11D3-BF4B-00C04F79EFBC}") = "OxDb.DataUtils", "OxDb.DataUtils\OxDb.DataUtils.csproj", "{33EF7A9F-50E2-659C-1683-2EC9CFF545A6}"
EndProject
Global
	GlobalSection(SolutionConfigurationPlatforms) = preSolution
		Debug|Any CPU = Debug|Any CPU
		Release|Any CPU = Release|Any CPU
	EndGlobalSection
	GlobalSection(ProjectConfigurationPlatforms) = postSolution
		{5F246B70-E2A7-40FC-8A03-C930F851D1E5}.Debug|Any CPU.ActiveCfg = Debug|Any CPU
		{5F246B70-E2A7-40FC-8A03-C930F851D1E5}.Debug|Any CPU.Build.0 = Debug|Any CPU
		{5F246B70-E2A7-40FC-8A03-C930F851D1E5}.Release|Any CPU.ActiveCfg = Release|Any CPU
		{5F246B70-E2A7-40FC-8A03-C930F851D1E5}.Release|Any CPU.Build.0 = Release|Any CPU
		{0B5F5AF4-C5F9-4FDE-AD36-042E264F403F}.Debug|Any CPU.ActiveCfg = Debug|Any CPU
		{0B5F5AF4-C5F9-4FDE-AD36-042E264F403F}.Debug|Any CPU.Build.0 = Debug|Any CPU
		{0B5F5AF4-C5F9-4FDE-AD36-042E264F403F}.Release|Any CPU.ActiveCfg = Release|Any CPU
		{0B5F5AF4-C5F9-4FDE-AD36-042E264F403F}.Release|Any CPU.Build.0 = Release|Any CPU
		{5D0EC759-FF86-46B6-8EA8-9766F8AD65DE}.Debug|Any CPU.ActiveCfg = Debug|Any CPU
		{5D0EC759-FF86-46B6-8EA8-9766F8AD65DE}.Debug|Any CPU.Build.0 = Debug|Any CPU
		{5D0EC759-FF86-46B6-8EA8-9766F8AD65DE}.Release|Any CPU.ActiveCfg = Release|Any CPU
		{5D0EC759-FF86-46B6-8EA8-9766F8AD65DE}.Release|Any CPU.Build.0 = Release|Any CPU
		{E426BC01-0436-4DAB-AC03-38D35EABD730}.Debug|Any CPU.ActiveCfg = Debug|Any CPU
		{E426BC01-0436-4DAB-AC03-38D35EABD730}.Debug|Any CPU.Build.0 = Debug|Any CPU
		{E426BC01-0436-4DAB-AC03-38D35EABD730}.Release|Any CPU.ActiveCfg = Release|Any CPU
		{E426BC01-0436-4DAB-AC03-38D35EABD730}.Release|Any CPU.Build.0 = Release|Any CPU
		{A308BC37-FF42-4902-AA70-EB61CE56E995}.Debug|Any CPU.ActiveCfg = Debug|Any CPU
		{A308BC37-FF42-4902-AA70-EB61CE56E995}.Debug|Any CPU.Build.0 = Debug|Any CPU
		{A308BC37-FF42-4902-AA70-EB61CE56E995}.Release|Any CPU.ActiveCfg = Release|Any CPU
		{A308BC37-FF42-4902-AA70-EB61CE56E995}.Release|Any CPU.Build.0 = Release|Any CPU
		{4BF58B43-13C1-61D2-40B5-59A94B0103F4}.Debug|Any CPU.ActiveCfg = Debug|Any CPU
		{4BF58B43-13C1-61D2-40B5-59A94B0103F4}.Debug|Any CPU.Build.0 = Debug|Any CPU
		{4BF58B43-13C1-61D2-40B5-59A94B0103F4}.Release|Any CPU.ActiveCfg = Release|Any CPU
		{4BF58B43-13C1-61D2-40B5-59A94B0103F4}.Release|Any CPU.Build.0 = Release|Any CPU
		{1DD0EC49-EB9E-4977-5133-0C56253A91F9}.Debug|Any CPU.ActiveCfg = Debug|Any CPU
		{1DD0EC49-EB9E-4977-5133-0C56253A91F9}.Debug|Any CPU.Build.0 = Debug|Any CPU
		{1DD0EC49-EB9E-4977-5133-0C56253A91F9}.Release|Any CPU.ActiveCfg = Release|Any CPU
		{1DD0EC49-EB9E-4977-5133-0C56253A91F9}.Release|Any CPU.Build.0 = Release|Any CPU
		{531393F3-CDA0-1010-305E-96483E73AAC4}.Debug|Any CPU.ActiveCfg = Debug|Any CPU
		{531393F3-CDA0-1010-305E-96483E73AAC4}.Debug|Any CPU.Build.0 = Debug|Any CPU
		{531393F3-CDA0-1010-305E-96483E73AAC4}.Release|Any CPU.ActiveCfg = Release|Any CPU
		{531393F3-CDA0-1010-305E-96483E73AAC4}.Release|Any CPU.Build.0 = Release|Any CPU
		{650D6343-7CF3-2A77-B8B7-9CA7168829F2}.Debug|Any CPU.ActiveCfg = Debug|Any CPU
		{650D6343-7CF3-2A77-B8B7-9CA7168829F2}.Debug|Any CPU.Build.0 = Debug|Any CPU
		{650D6343-7CF3-2A77-B8B7-9CA7168829F2}.Release|Any CPU.ActiveCfg = Release|Any CPU
		{650D6343-7CF3-2A77-B8B7-9CA7168829F2}.Release|Any CPU.Build.0 = Release|Any CPU
		{F744BE9A-7B63-4F9D-BE12-D95EC31EA172}.Debug|Any CPU.ActiveCfg = Debug|Any CPU
		{F744BE9A-7B63-4F9D-BE12-D95EC31EA172}.Debug|Any CPU.Build.0 = Debug|Any CPU
		{F744BE9A-7B63-4F9D-BE12-D95EC31EA172}.Release|Any CPU.ActiveCfg = Release|Any CPU
		{F744BE9A-7B63-4F9D-BE12-D95EC31EA172}.Release|Any CPU.Build.0 = Release|Any CPU
		{881A0BAF-2511-4E33-A952-7BD584A94CD3}.Debug|Any CPU.ActiveCfg = Debug|Any CPU
		{881A0BAF-2511-4E33-A952-7BD584A94CD3}.Debug|Any CPU.Build.0 = Debug|Any CPU
		{881A0BAF-2511-4E33-A952-7BD584A94CD3}.Release|Any CPU.ActiveCfg = Release|Any CPU
		{881A0BAF-2511-4E33-A952-7BD584A94CD3}.Release|Any CPU.Build.0 = Release|Any CPU
		{CCE092B1-D236-44E5-966A-2CB494A6492C}.Debug|Any CPU.ActiveCfg = Debug|Any CPU
		{CCE092B1-D236-44E5-966A-2CB494A6492C}.Debug|Any CPU.Build.0 = Debug|Any CPU
		{CCE092B1-D236-44E5-966A-2CB494A6492C}.Release|Any CPU.ActiveCfg = Release|Any CPU
		{CCE092B1-D236-44E5-966A-2CB494A6492C}.Release|Any CPU.Build.0 = Release|Any CPU
		{33EF7A9F-50E2-659C-1683-2EC9CFF545A6}.Debug|Any CPU.ActiveCfg = Debug|Any CPU
		{33EF7A9F-50E2-659C-1683-2EC9CFF545A6}.Debug|Any CPU.Build.0 = Debug|Any CPU
		{33EF7A9F-50E2-659C-1683-2EC9CFF545A6}.Release|Any CPU.ActiveCfg = Release|Any CPU
		{33EF7A9F-50E2-659C-1683-2EC9CFF545A6}.Release|Any CPU.Build.0 = Release|Any CPU
	EndGlobalSection
	GlobalSection(SolutionProperties) = preSolution
		HideSolutionNode = FALSE
	EndGlobalSection
	GlobalSection(ExtensibilityGlobals) = postSolution
		SolutionGuid = {C056F485-E6B4-4888-9F96-3AA595E4BA37}
	EndGlobalSection
EndGlobal
