
Microsoft Visual Studio Solution File, Format Version 12.00
# Visual Studio Version 18
VisualStudioVersion = 18.2.11415.280
MinimumVisualStudioVersion = 10.0.40219.1
Project("{9A19103F-16F7-4668-BE54-9A1E7A4F7556}") = "Genrpg.Editor", "Genrpg.Editor\Genrpg.Editor.csproj", "{2B44BAF3-0D72-46ED-BCA0-A4F8772C0987}"
EndProject
Project("{FAE04EC0-301F-11D3-BF4B-00C04F79EFBC}") = "OxDb.PlatformServer", "OxDb.PlatformServer\OxDb.PlatformServer.csproj", "{350243EF-19CB-A9C7-77DB-5FCB34254A9A}"
EndProject
Project("{FAE04EC0-301F-11D3-BF4B-00C04F79EFBC}") = "OxDb.DataUtils", "OxDb.DataUtils\OxDb.DataUtils.csproj", "{33EF7A9F-50E2-659C-1683-2EC9CFF545A6}"
EndProject
Project("{FAE04EC0-301F-11D3-BF4B-00C04F79EFBC}") = "OxDb.ServerGame", "OxDb.ServerGame\OxDb.ServerGame.csproj", "{29E21B40-52B2-D6CA-C4FB-6D4F7839C8F9}"
EndProject
Project("{FAE04EC0-301F-11D3-BF4B-00C04F79EFBC}") = "OxDb.ServerCore", "OxDb.ServerCore\OxDb.ServerCore.csproj", "{A8774C11-82BE-8EF4-388F-3C34690318FC}"
EndProject
Project("{FAE04EC0-301F-11D3-BF4B-00C04F79EFBC}") = "OxDb.SharedGame", "OxDb.SharedGame\OxDb.SharedGame.csproj", "{47D57EBB-84C3-8CE6-08CE-86E0E02E4177}"
EndProject
Project("{FAE04EC0-301F-11D3-BF4B-00C04F79EFBC}") = "OxDb.SharedPlatform", "OxDb.SharedPlatform\OxDb.SharedPlatform.csproj", "{149F9E7F-A5C1-85CB-BC6F-7D28F50CBFBE}"
EndProject
Project("{FAE04EC0-301F-11D3-BF4B-00C04F79EFBC}") = "OxDb.SharedCore", "OxDb.SharedCore\OxDb.SharedCore.csproj", "{B033241B-0408-76D3-A157-46EC55D50D55}"
EndProject
Global
	GlobalSection(SolutionConfigurationPlatforms) = preSolution
		Debug|Any CPU = Debug|Any CPU
		Debug|ARM64 = Debug|ARM64
		Debug|x64 = Debug|x64
		Debug|x86 = Debug|x86
		Release|Any CPU = Release|Any CPU
		Release|ARM64 = Release|ARM64
		Release|x64 = Release|x64
		Release|x86 = Release|x86
	EndGlobalSection
	GlobalSection(ProjectConfigurationPlatforms) = postSolution
		{2B44BAF3-0D72-46ED-BCA0-A4F8772C0987}.Debug|Any CPU.ActiveCfg = Debug|x64
		{2B44BAF3-0D72-46ED-BCA0-A4F8772C0987}.Debug|Any CPU.Build.0 = Debug|x64
		{2B44BAF3-0D72-46ED-BCA0-A4F8772C0987}.Debug|Any CPU.Deploy.0 = Debug|x64
		{2B44BAF3-0D72-46ED-BCA0-A4F8772C0987}.Debug|ARM64.ActiveCfg = Debug|ARM64
		{2B44BAF3-0D72-46ED-BCA0-A4F8772C0987}.Debug|ARM64.Build.0 = Debug|ARM64
		{2B44BAF3-0D72-46ED-BCA0-A4F8772C0987}.Debug|ARM64.Deploy.0 = Debug|ARM64
		{2B44BAF3-0D72-46ED-BCA0-A4F8772C0987}.Debug|x64.ActiveCfg = Debug|x64
		{2B44BAF3-0D72-46ED-BCA0-A4F8772C0987}.Debug|x64.Build.0 = Debug|x64
		{2B44BAF3-0D72-46ED-BCA0-A4F8772C0987}.Debug|x64.Deploy.0 = Debug|x64
		{2B44BAF3-0D72-46ED-BCA0-A4F8772C0987}.Debug|x86.ActiveCfg = Debug|x86
		{2B44BAF3-0D72-46ED-BCA0-A4F8772C0987}.Debug|x86.Build.0 = Debug|x86
		{2B44BAF3-0D72-46ED-BCA0-A4F8772C0987}.Debug|x86.Deploy.0 = Debug|x86
		{2B44BAF3-0D72-46ED-BCA0-A4F8772C0987}.Release|Any CPU.ActiveCfg = Release|x64
		{2B44BAF3-0D72-46ED-BCA0-A4F8772C0987}.Release|Any CPU.Build.0 = Release|x64
		{2B44BAF3-0D72-46ED-BCA0-A4F8772C0987}.Release|Any CPU.Deploy.0 = Release|x64
		{2B44BAF3-0D72-46ED-BCA0-A4F8772C0987}.Release|ARM64.ActiveCfg = Release|ARM64
		{2B44BAF3-0D72-46ED-BCA0-A4F8772C0987}.Release|ARM64.Build.0 = Release|ARM64
		{2B44BAF3-0D72-46ED-BCA0-A4F8772C0987}.Release|ARM64.Deploy.0 = Release|ARM64
		{2B44BAF3-0D72-46ED-BCA0-A4F8772C0987}.Release|x64.ActiveCfg = Release|x64
		{2B44BAF3-0D72-46ED-BCA0-A4F8772C0987}.Release|x64.Build.0 = Release|x64
		{2B44BAF3-0D72-46ED-BCA0-A4F8772C0987}.Release|x64.Deploy.0 = Release|x64
		{2B44BAF3-0D72-46ED-BCA0-A4F8772C0987}.Release|x86.ActiveCfg = Release|x86
		{2B44BAF3-0D72-46ED-BCA0-A4F8772C0987}.Release|x86.Build.0 = Release|x86
		{2B44BAF3-0D72-46ED-BCA0-A4F8772C0987}.Release|x86.Deploy.0 = Release|x86
		{350243EF-19CB-A9C7-77DB-5FCB34254A9A}.Debug|Any CPU.ActiveCfg = Debug|Any CPU
		{350243EF-19CB-A9C7-77DB-5FCB34254A9A}.Debug|Any CPU.Build.0 = Debug|Any CPU
		{350243EF-19CB-A9C7-77DB-5FCB34254A9A}.Debug|ARM64.ActiveCfg = Debug|Any CPU
		{350243EF-19CB-A9C7-77DB-5FCB34254A9A}.Debug|ARM64.Build.0 = Debug|Any CPU
		{350243EF-19CB-A9C7-77DB-5FCB34254A9A}.Debug|x64.ActiveCfg = Debug|Any CPU
		{350243EF-19CB-A9C7-77DB-5FCB34254A9A}.Debug|x64.Build.0 = Debug|Any CPU
		{350243EF-19CB-A9C7-77DB-5FCB34254A9A}.Debug|x86.ActiveCfg = Debug|Any CPU
		{350243EF-19CB-A9C7-77DB-5FCB34254A9A}.Debug|x86.Build.0 = Debug|Any CPU
		{350243EF-19CB-A9C7-77DB-5FCB34254A9A}.Release|Any CPU.ActiveCfg = Release|Any CPU
		{350243EF-19CB-A9C7-77DB-5FCB34254A9A}.Release|Any CPU.Build.0 = Release|Any CPU
		{350243EF-19CB-A9C7-77DB-5FCB34254A9A}.Release|ARM64.ActiveCfg = Release|Any CPU
		{350243EF-19CB-A9C7-77DB-5FCB34254A9A}.Release|ARM64.Build.0 = Release|Any CPU
		{350243EF-19CB-A9C7-77DB-5FCB34254A9A}.Release|x64.ActiveCfg = Release|Any CPU
		{350243EF-19CB-A9C7-77DB-5FCB34254A9A}.Release|x64.Build.0 = Release|Any CPU
		{350243EF-19CB-A9C7-77DB-5FCB34254A9A}.Release|x86.ActiveCfg = Release|Any CPU
		{350243EF-19CB-A9C7-77DB-5FCB34254A9A}.Release|x86.Build.0 = Release|Any CPU
		{33EF7A9F-50E2-659C-1683-2EC9CFF545A6}.Debug|Any CPU.ActiveCfg = Debug|Any CPU
		{33EF7A9F-50E2-659C-1683-2EC9CFF545A6}.Debug|Any CPU.Build.0 = Debug|Any CPU
		{33EF7A9F-50E2-659C-1683-2EC9CFF545A6}.Debug|ARM64.ActiveCfg = Debug|Any CPU
		{33EF7A9F-50E2-659C-1683-2EC9CFF545A6}.Debug|ARM64.Build.0 = Debug|Any CPU
		{33EF7A9F-50E2-659C-1683-2EC9CFF545A6}.Debug|x64.ActiveCfg = Debug|Any CPU
		{33EF7A9F-50E2-659C-1683-2EC9CFF545A6}.Debug|x64.Build.0 = Debug|Any CPU
		{33EF7A9F-50E2-659C-1683-2EC9CFF545A6}.Debug|x86.ActiveCfg = Debug|Any CPU
		{33EF7A9F-50E2-659C-1683-2EC9CFF545A6}.Debug|x86.Build.0 = Debug|Any CPU
		{33EF7A9F-50E2-659C-1683-2EC9CFF545A6}.Release|Any CPU.ActiveCfg = Release|Any CPU
		{33EF7A9F-50E2-659C-1683-2EC9CFF545A6}.Release|Any CPU.Build.0 = Release|Any CPU
		{33EF7A9F-50E2-659C-1683-2EC9CFF545A6}.Release|ARM64.ActiveCfg = Release|Any CPU
		{33EF7A9F-50E2-659C-1683-2EC9CFF545A6}.Release|ARM64.Build.0 = Release|Any CPU
		{33EF7A9F-50E2-659C-1683-2EC9CFF545A6}.Release|x64.ActiveCfg = Release|Any CPU
		{33EF7A9F-50E2-659C-1683-2EC9CFF545A6}.Release|x64.Build.0 = Release|Any CPU
		{33EF7A9F-50E2-659C-1683-2EC9CFF545A6}.Release|x86.ActiveCfg = Release|Any CPU
		{33EF7A9F-50E2-659C-1683-2EC9CFF545A6}.Release|x86.Build.0 = Release|Any CPU
		{29E21B40-52B2-D6CA-C4FB-6D4F7839C8F9}.Debug|Any CPU.ActiveCfg = Debug|Any CPU
		{29E21B40-52B2-D6CA-C4FB-6D4F7839C8F9}.Debug|Any CPU.Build.0 = Debug|Any CPU
		{29E21B40-52B2-D6CA-C4FB-6D4F7839C8F9}.Debug|ARM64.ActiveCfg = Debug|Any CPU
		{29E21B40-52B2-D6CA-C4FB-6D4F7839C8F9}.Debug|ARM64.Build.0 = Debug|Any CPU
		{29E21B40-52B2-D6CA-C4FB-6D4F7839C8F9}.Debug|x64.ActiveCfg = Debug|Any CPU
		{29E21B40-52B2-D6CA-C4FB-6D4F7839C8F9}.Debug|x64.Build.0 = Debug|Any CPU
		{29E21B40-52B2-D6CA-C4FB-6D4F7839C8F9}.Debug|x86.ActiveCfg = Debug|Any CPU
		{29E21B40-52B2-D6CA-C4FB-6D4F7839C8F9}.Debug|x86.Build.0 = Debug|Any CPU
		{29E21B40-52B2-D6CA-C4FB-6D4F7839C8F9}.Release|Any CPU.ActiveCfg = Release|Any CPU
		{29E21B40-52B2-D6CA-C4FB-6D4F7839C8F9}.Release|Any CPU.Build.0 = Release|Any CPU
		{29E21B40-52B2-D6CA-C4FB-6D4F7839C8F9}.Release|ARM64.ActiveCfg = Release|Any CPU
		{29E21B40-52B2-D6CA-C4FB-6D4F7839C8F9}.Release|ARM64.Build.0 = Release|Any CPU
		{29E21B40-52B2-D6CA-C4FB-6D4F7839C8F9}.Release|x64.ActiveCfg = Release|Any CPU
		{29E21B40-52B2-D6CA-C4FB-6D4F7839C8F9}.Release|x64.Build.0 = Release|Any CPU
		{29E21B40-52B2-D6CA-C4FB-6D4F7839C8F9}.Release|x86.ActiveCfg = Release|Any CPU
		{29E21B40-52B2-D6CA-C4FB-6D4F7839C8F9}.Release|x86.Build.0 = Release|Any CPU
		{A8774C11-82BE-8EF4-388F-3C34690318FC}.Debug|Any CPU.ActiveCfg = Debug|Any CPU
		{A8774C11-82BE-8EF4-388F-3C34690318FC}.Debug|Any CPU.Build.0 = Debug|Any CPU
		{A8774C11-82BE-8EF4-388F-3C34690318FC}.Debug|ARM64.ActiveCfg = Debug|Any CPU
		{A8774C11-82BE-8EF4-388F-3C34690318FC}.Debug|ARM64.Build.0 = Debug|Any CPU
		{A8774C11-82BE-8EF4-388F-3C34690318FC}.Debug|x64.ActiveCfg = Debug|Any CPU
		{A8774C11-82BE-8EF4-388F-3C34690318FC}.Debug|x64.Build.0 = Debug|Any CPU
		{A8774C11-82BE-8EF4-388F-3C34690318FC}.Debug|x86.ActiveCfg = Debug|Any CPU
		{A8774C11-82BE-8EF4-388F-3C34690318FC}.Debug|x86.Build.0 = Debug|Any CPU
		{A8774C11-82BE-8EF4-388F-3C34690318FC}.Release|Any CPU.ActiveCfg = Release|Any CPU
		{A8774C11-82BE-8EF4-388F-3C34690318FC}.Release|Any CPU.Build.0 = Release|Any CPU
		{A8774C11-82BE-8EF4-388F-3C34690318FC}.Release|ARM64.ActiveCfg = Release|Any CPU
		{A8774C11-82BE-8EF4-388F-3C34690318FC}.Release|ARM64.Build.0 = Release|Any CPU
		{A8774C11-82BE-8EF4-388F-3C34690318FC}.Release|x64.ActiveCfg = Release|Any CPU
		{A8774C11-82BE-8EF4-388F-3C34690318FC}.Release|x64.Build.0 = Release|Any CPU
		{A8774C11-82BE-8EF4-388F-3C34690318FC}.Release|x86.ActiveCfg = Release|Any CPU
		{A8774C11-82BE-8EF4-388F-3C34690318FC}.Release|x86.Build.0 = Release|Any CPU
		{47D57EBB-84C3-8CE6-08CE-86E0E02E4177}.Debug|Any CPU.ActiveCfg = Debug|Any CPU
		{47D57EBB-84C3-8CE6-08CE-86E0E02E4177}.Debug|Any CPU.Build.0 = Debug|Any CPU
		{47D57EBB-84C3-8CE6-08CE-86E0E02E4177}.Debug|ARM64.ActiveCfg = Debug|Any CPU
		{47D57EBB-84C3-8CE6-08CE-86E0E02E4177}.Debug|ARM64.Build.0 = Debug|Any CPU
		{47D57EBB-84C3-8CE6-08CE-86E0E02E4177}.Debug|x64.ActiveCfg = Debug|Any CPU
		{47D57EBB-84C3-8CE6-08CE-86E0E02E4177}.Debug|x64.Build.0 = Debug|Any CPU
		{47D57EBB-84C3-8CE6-08CE-86E0E02E4177}.Debug|x86.ActiveCfg = Debug|Any CPU
		{47D57EBB-84C3-8CE6-08CE-86E0E02E4177}.Debug|x86.Build.0 = Debug|Any CPU
		{47D57EBB-84C3-8CE6-08CE-86E0E02E4177}.Release|Any CPU.ActiveCfg = Release|Any CPU
		{47D57EBB-84C3-8CE6-08CE-86E0E02E4177}.Release|Any CPU.Build.0 = Release|Any CPU
		{47D57EBB-84C3-8CE6-08CE-86E0E02E4177}.Release|ARM64.ActiveCfg = Release|Any CPU
		{47D57EBB-84C3-8CE6-08CE-86E0E02E4177}.Release|ARM64.Build.0 = Release|Any CPU
		{47D57EBB-84C3-8CE6-08CE-86E0E02E4177}.Release|x64.ActiveCfg = Release|Any CPU
		{47D57EBB-84C3-8CE6-08CE-86E0E02E4177}.Release|x64.Build.0 = Release|Any CPU
		{47D57EBB-84C3-8CE6-08CE-86E0E02E4177}.Release|x86.ActiveCfg = Release|Any CPU
		{47D57EBB-84C3-8CE6-08CE-86E0E02E4177}.Release|x86.Build.0 = Release|Any CPU
		{149F9E7F-A5C1-85CB-BC6F-7D28F50CBFBE}.Debug|Any CPU.ActiveCfg = Debug|Any CPU
		{149F9E7F-A5C1-85CB-BC6F-7D28F50CBFBE}.Debug|Any CPU.Build.0 = Debug|Any CPU
		{149F9E7F-A5C1-85CB-BC6F-7D28F50CBFBE}.Debug|ARM64.ActiveCfg = Debug|Any CPU
		{149F9E7F-A5C1-85CB-BC6F-7D28F50CBFBE}.Debug|ARM64.Build.0 = Debug|Any CPU
		{149F9E7F-A5C1-85CB-BC6F-7D28F50CBFBE}.Debug|x64.ActiveCfg = Debug|Any CPU
		{149F9E7F-A5C1-85CB-BC6F-7D28F50CBFBE}.Debug|x64.Build.0 = Debug|Any CPU
		{149F9E7F-A5C1-85CB-BC6F-7D28F50CBFBE}.Debug|x86.ActiveCfg = Debug|Any CPU
		{149F9E7F-A5C1-85CB-BC6F-7D28F50CBFBE}.Debug|x86.Build.0 = Debug|Any CPU
		{149F9E7F-A5C1-85CB-BC6F-7D28F50CBFBE}.Release|Any CPU.ActiveCfg = Release|Any CPU
		{149F9E7F-A5C1-85CB-BC6F-7D28F50CBFBE}.Release|Any CPU.Build.0 = Release|Any CPU
		{149F9E7F-A5C1-85CB-BC6F-7D28F50CBFBE}.Release|ARM64.ActiveCfg = Release|Any CPU
		{149F9E7F-A5C1-85CB-BC6F-7D28F50CBFBE}.Release|ARM64.Build.0 = Release|Any CPU
		{149F9E7F-A5C1-85CB-BC6F-7D28F50CBFBE}.Release|x64.ActiveCfg = Release|Any CPU
		{149F9E7F-A5C1-85CB-BC6F-7D28F50CBFBE}.Release|x64.Build.0 = Release|Any CPU
		{149F9E7F-A5C1-85CB-BC6F-7D28F50CBFBE}.Release|x86.ActiveCfg = Release|Any CPU
		{149F9E7F-A5C1-85CB-BC6F-7D28F50CBFBE}.Release|x86.Build.0 = Release|Any CPU
		{B033241B-0408-76D3-A157-46EC55D50D55}.Debug|Any CPU.ActiveCfg = Debug|Any CPU
		{B033241B-0408-76D3-A157-46EC55D50D55}.Debug|Any CPU.Build.0 = Debug|Any CPU
		{B033241B-0408-76D3-A157-46EC55D50D55}.Debug|ARM64.ActiveCfg = Debug|Any CPU
		{B033241B-0408-76D3-A157-46EC55D50D55}.Debug|ARM64.Build.0 = Debug|Any CPU
		{B033241B-0408-76D3-A157-46EC55D50D55}.Debug|x64.ActiveCfg = Debug|Any CPU
		{B033241B-0408-76D3-A157-46EC55D50D55}.Debug|x64.Build.0 = Debug|Any CPU
		{B033241B-0408-76D3-A157-46EC55D50D55}.Debug|x86.ActiveCfg = Debug|Any CPU
		{B033241B-0408-76D3-A157-46EC55D50D55}.Debug|x86.Build.0 = Debug|Any CPU
		{B033241B-0408-76D3-A157-46EC55D50D55}.Release|Any CPU.ActiveCfg = Release|Any CPU
		{B033241B-0408-76D3-A157-46EC55D50D55}.Release|Any CPU.Build.0 = Release|Any CPU
		{B033241B-0408-76D3-A157-46EC55D50D55}.Release|ARM64.ActiveCfg = Release|Any CPU
		{B033241B-0408-76D3-A157-46EC55D50D55}.Release|ARM64.Build.0 = Release|Any CPU
		{B033241B-0408-76D3-A157-46EC55D50D55}.Release|x64.ActiveCfg = Release|Any CPU
		{B033241B-0408-76D3-A157-46EC55D50D55}.Release|x64.Build.0 = Release|Any CPU
		{B033241B-0408-76D3-A157-46EC55D50D55}.Release|x86.ActiveCfg = Release|Any CPU
		{B033241B-0408-76D3-A157-46EC55D50D55}.Release|x86.Build.0 = Release|Any CPU
	EndGlobalSection
	GlobalSection(SolutionProperties) = preSolution
		HideSolutionNode = FALSE
	EndGlobalSection
	GlobalSection(ExtensibilityGlobals) = postSolution
		SolutionGuid = {287647DD-0E8B-43B9-B5D9-A3AD43F8A139}
	EndGlobalSection
EndGlobal
